
Microsoft Visual Studio Solution File, Format Version 12.00
# Visual Studio Version 16
VisualStudioVersion = 16.0.32901.82
MinimumVisualStudioVersion = 10.0.40219.1
Project("{8BC9CEB8-8B4A-11D0-8D11-00A0C91BC942}") = "Statistics", "Statistics.vcxproj", "{115F9BED-F689-4B20-BAF3-59EE8238AF3E}"
EndProject
Global
	GlobalSection(SolutionConfigurationPlatforms) = preSolution
		Debug|x64 = Debug|x64
		Debug|x86 = Debug|x86
		Release|x64 = Release|x64
		Release|x86 = Release|x86
	EndGlobalSection
	GlobalSection(ProjectConfigurationPlatforms) = postSolution
		{115F9BED-F689-4B20-BAF3-59EE8238AF3E}.Debug|x64.ActiveCfg = Debug|x64
		{115F9BED-F689-4B20-BAF3-59EE8238AF3E}.Debug|x64.Build.0 = Debug|x64
		{115F9BED-F689-4B20-BAF3-59EE8238AF3E}.Debug|x86.ActiveCfg = Debug|Win32
		{115F9BED-F689-4B20-BAF3-59EE8238AF3E}.Debug|x86.Build.0 = Debug|Win32
		{115F9BED-F689-4B20-BAF3-59EE8238AF3E}.Release|x64.ActiveCfg = Release|x64
		{115F9BED-F689-4B20-BAF3-59EE8238AF3E}.Release|x64.Build.0 = Release|x64
		{115F9BED-F689-4B20-BAF3-59EE8238AF3E}.Release|x86.ActiveCfg = Release|Win32
		{115F9BED-F689-4B20-BAF3-59EE8238AF3E}.Release|x86.Build.0 = Release|Win32
	EndGlobalSection
	GlobalSection(SolutionProperties) = preSolution
		HideSolutionNode = FALSE
	EndGlobalSection
	GlobalSection(ExtensibilityGlobals) = postSolution
		SolutionGuid = {BB6EF6D4-0715-4F1C-82E9-8E46D97766B3}
	EndGlobalSection
EndGlobal
