
Microsoft Visual Studio Solution File, Format Version 12.00
# Visual Studio Version 16
VisualStudioVersion = 16.0.32901.82
MinimumVisualStudioVersion = 10.0.40219.1
Project("{8BC9CEB8-8B4A-11D0-8D11-00A0C91BC942}") = "27_ExchangeNodesOfCricularList", "27_ExchangeNodesOfCricularList.vcxproj", "{8D11F12B-23D4-465B-88D9-1DC6B864BFBE}"
EndProject
Global
	GlobalSection(SolutionConfigurationPlatforms) = preSolution
		Debug|x64 = Debug|x64
		Debug|x86 = Debug|x86
		Release|x64 = Release|x64
		Release|x86 = Release|x86
	EndGlobalSection
	GlobalSection(ProjectConfigurationPlatforms) = postSolution
		{8D11F12B-23D4-465B-88D9-1DC6B864BFBE}.Debug|x64.ActiveCfg = Debug|x64
		{8D11F12B-23D4-465B-88D9-1DC6B864BFBE}.Debug|x64.Build.0 = Debug|x64
		{8D11F12B-23D4-465B-88D9-1DC6B864BFBE}.Debug|x86.ActiveCfg = Debug|Win32
		{8D11F12B-23D4-465B-88D9-1DC6B864BFBE}.Debug|x86.Build.0 = Debug|Win32
		{8D11F12B-23D4-465B-88D9-1DC6B864BFBE}.Release|x64.ActiveCfg = Release|x64
		{8D11F12B-23D4-465B-88D9-1DC6B864BFBE}.Release|x64.Build.0 = Release|x64
		{8D11F12B-23D4-465B-88D9-1DC6B864BFBE}.Release|x86.ActiveCfg = Release|Win32
		{8D11F12B-23D4-465B-88D9-1DC6B864BFBE}.Release|x86.Build.0 = Release|Win32
	EndGlobalSection
	GlobalSection(SolutionProperties) = preSolution
		HideSolutionNode = FALSE
	EndGlobalSection
	GlobalSection(ExtensibilityGlobals) = postSolution
		SolutionGuid = {1276A027-F94F-405F-9E69-136C9D372F8E}
	EndGlobalSection
EndGlobal
