
Microsoft Visual Studio Solution File, Format Version 12.00
# Visual Studio Version 16
VisualStudioVersion = 16.0.32901.82
MinimumVisualStudioVersion = 10.0.40219.1
Project("{8BC9CEB8-8B4A-11D0-8D11-00A0C91BC942}") = "13_Left_Right_Rotation", "13_Left_Right_Rotation.vcxproj", "{B5FD4845-350B-4ED8-B9C4-2148660EAA3B}"
EndProject
Global
	GlobalSection(SolutionConfigurationPlatforms) = preSolution
		Debug|x64 = Debug|x64
		Debug|x86 = Debug|x86
		Release|x64 = Release|x64
		Release|x86 = Release|x86
	EndGlobalSection
	GlobalSection(ProjectConfigurationPlatforms) = postSolution
		{B5FD4845-350B-4ED8-B9C4-2148660EAA3B}.Debug|x64.ActiveCfg = Debug|x64
		{B5FD4845-350B-4ED8-B9C4-2148660EAA3B}.Debug|x64.Build.0 = Debug|x64
		{B5FD4845-350B-4ED8-B9C4-2148660EAA3B}.Debug|x86.ActiveCfg = Debug|Win32
		{B5FD4845-350B-4ED8-B9C4-2148660EAA3B}.Debug|x86.Build.0 = Debug|Win32
		{B5FD4845-350B-4ED8-B9C4-2148660EAA3B}.Release|x64.ActiveCfg = Release|x64
		{B5FD4845-350B-4ED8-B9C4-2148660EAA3B}.Release|x64.Build.0 = Release|x64
		{B5FD4845-350B-4ED8-B9C4-2148660EAA3B}.Release|x86.ActiveCfg = Release|Win32
		{B5FD4845-350B-4ED8-B9C4-2148660EAA3B}.Release|x86.Build.0 = Release|Win32
	EndGlobalSection
	GlobalSection(SolutionProperties) = preSolution
		HideSolutionNode = FALSE
	EndGlobalSection
	GlobalSection(ExtensibilityGlobals) = postSolution
		SolutionGuid = {57182F35-7A2F-471A-A189-2818BA8A4BCF}
	EndGlobalSection
EndGlobal
