
Microsoft Visual Studio Solution File, Format Version 12.00
# Visual Studio Version 16
VisualStudioVersion = 16.0.32901.82
MinimumVisualStudioVersion = 10.0.40219.1
Project("{8BC9CEB8-8B4A-11D0-8D11-00A0C91BC942}") = "22_ReverseALinkedList", "22_ReverseALinkedList.vcxproj", "{CB5DD1CE-C4F5-406D-8595-AB68AFDB9578}"
EndProject
Global
	GlobalSection(SolutionConfigurationPlatforms) = preSolution
		Debug|x64 = Debug|x64
		Debug|x86 = Debug|x86
		Release|x64 = Release|x64
		Release|x86 = Release|x86
	EndGlobalSection
	GlobalSection(ProjectConfigurationPlatforms) = postSolution
		{CB5DD1CE-C4F5-406D-8595-AB68AFDB9578}.Debug|x64.ActiveCfg = Debug|x64
		{CB5DD1CE-C4F5-406D-8595-AB68AFDB9578}.Debug|x64.Build.0 = Debug|x64
		{CB5DD1CE-C4F5-406D-8595-AB68AFDB9578}.Debug|x86.ActiveCfg = Debug|Win32
		{CB5DD1CE-C4F5-406D-8595-AB68AFDB9578}.Debug|x86.Build.0 = Debug|Win32
		{CB5DD1CE-C4F5-406D-8595-AB68AFDB9578}.Release|x64.ActiveCfg = Release|x64
		{CB5DD1CE-C4F5-406D-8595-AB68AFDB9578}.Release|x64.Build.0 = Release|x64
		{CB5DD1CE-C4F5-406D-8595-AB68AFDB9578}.Release|x86.ActiveCfg = Release|Win32
		{CB5DD1CE-C4F5-406D-8595-AB68AFDB9578}.Release|x86.Build.0 = Release|Win32
	EndGlobalSection
	GlobalSection(SolutionProperties) = preSolution
		HideSolutionNode = FALSE
	EndGlobalSection
	GlobalSection(ExtensibilityGlobals) = postSolution
		SolutionGuid = {D4C817EE-1D49-485E-9791-234E3FC4EE28}
	EndGlobalSection
EndGlobal
